// !$*UTF8*$!
{
	archiveVersion = 1;
	classes = {
	};
	objectVersion = 46;
	objects = {

/* Begin PBXBuildFile section */
		F450BDB019C2B24D002C97AB /* MainViewController.swift in Sources */ = {isa = PBXBuildFile; fileRef = F450BDAF19C2B24D002C97AB /* MainViewController.swift */; };
		F4DD4CC419C140E5006F915D /* AppDelegate.swift in Sources */ = {isa = PBXBuildFile; fileRef = F4DD4CC319C140E5006F915D /* AppDelegate.swift */; };
		F4DD4CCD19C140E5006F915D /* Images.xcassets in Resources */ = {isa = PBXBuildFile; fileRef = F4DD4CCC19C140E5006F915D /* Images.xcassets */; };
		F4DD4CD919C140E5006F915D /* InteractiveNotificationsSwiftTests.swift in Sources */ = {isa = PBXBuildFile; fileRef = F4DD4CD819C140E5006F915D /* InteractiveNotificationsSwiftTests.swift */; };
/* End PBXBuildFile section */

/* Begin PBXContainerItemProxy section */
		F4DD4CD319C140E5006F915D /* PBXContainerItemProxy */ = {
			isa = PBXContainerItemProxy;
			containerPortal = F4DD4CB619C140E5006F915D /* Project object */;
			proxyType = 1;
			remoteGlobalIDString = F4DD4CBD19C140E5006F915D;
			remoteInfo = InteractiveNotificationsSwift;
		};
/* End PBXContainerItemProxy section */

/* Begin PBXFileReference section */
		F450BDAF19C2B24D002C97AB /* MainViewController.swift */ = {isa = PBXFileReference; fileEncoding = 4; lastKnownFileType = sourcecode.swift; path = MainViewController.swift; sourceTree = "<group>"; };
		F450BDB319C2CC6F002C97AB /* Keys.h */ = {isa = PBXFileReference; fileEncoding = 4; lastKnownFileType = sourcecode.c.h; path = Keys.h; sourceTree = "<group>"; };
		F4DD4CBE19C140E5006F915D /* InteractiveNotificationsSwift.app */ = {isa = PBXFileReference; explicitFileType = wrapper.application; includeInIndex = 0; path = InteractiveNotificationsSwift.app; sourceTree = BUILT_PRODUCTS_DIR; };
		F4DD4CC219C140E5006F915D /* Info.plist */ = {isa = PBXFileReference; lastKnownFileType = text.plist.xml; path = Info.plist; sourceTree = "<group>"; };
		F4DD4CC319C140E5006F915D /* AppDelegate.swift */ = {isa = PBXFileReference; lastKnownFileType = sourcecode.swift; path = AppDelegate.swift; sourceTree = "<group>"; };
		F4DD4CCC19C140E5006F915D /* Images.xcassets */ = {isa = PBXFileReference; lastKnownFileType = folder.assetcatalog; path = Images.xcassets; sourceTree = "<group>"; };
		F4DD4CD219C140E5006F915D /* InteractiveNotificationsSwiftTests.xctest */ = {isa = PBXFileReference; explicitFileType = wrapper.cfbundle; includeInIndex = 0; path = InteractiveNotificationsSwiftTests.xctest; sourceTree = BUILT_PRODUCTS_DIR; };
		F4DD4CD719C140E5006F915D /* Info.plist */ = {isa = PBXFileReference; lastKnownFileType = text.plist.xml; path = Info.plist; sourceTree = "<group>"; };
		F4DD4CD819C140E5006F915D /* InteractiveNotificationsSwiftTests.swift */ = {isa = PBXFileReference; lastKnownFileType = sourcecode.swift; path = InteractiveNotificationsSwiftTests.swift; sourceTree = "<group>"; };
/* End PBXFileReference section */

/* Begin PBXFrameworksBuildPhase section */
		F4DD4CBB19C140E5006F915D /* Frameworks */ = {
			isa = PBXFrameworksBuildPhase;
			buildActionMask = 2147483647;
			files = (
			);
			runOnlyForDeploymentPostprocessing = 0;
		};
		F4DD4CCF19C140E5006F915D /* Frameworks */ = {
			isa = PBXFrameworksBuildPhase;
			buildActionMask = 2147483647;
			files = (
			);
			runOnlyForDeploymentPostprocessing = 0;
		};
/* End PBXFrameworksBuildPhase section */

/* Begin PBXGroup section */
		F4DD4CB519C140E5006F915D = {
			isa = PBXGroup;
			children = (
				F4DD4CC019C140E5006F915D /* InteractiveNotificationsSwift */,
				F4DD4CD519C140E5006F915D /* InteractiveNotificationsSwiftTests */,
				F4DD4CBF19C140E5006F915D /* Products */,
			);
			sourceTree = "<group>";
		};
		F4DD4CBF19C140E5006F915D /* Products */ = {
			isa = PBXGroup;
			children = (
				F4DD4CBE19C140E5006F915D /* InteractiveNotificationsSwift.app */,
				F4DD4CD219C140E5006F915D /* InteractiveNotificationsSwiftTests.xctest */,
			);
			name = Products;
			sourceTree = "<group>";
		};
		F4DD4CC019C140E5006F915D /* InteractiveNotificationsSwift */ = {
			isa = PBXGroup;
			children = (
				F450BDB319C2CC6F002C97AB /* Keys.h */,
				F4DD4CC319C140E5006F915D /* AppDelegate.swift */,
				F450BDAF19C2B24D002C97AB /* MainViewController.swift */,
				F4DD4CCC19C140E5006F915D /* Images.xcassets */,
				F4DD4CC119C140E5006F915D /* Supporting Files */,
			);
			path = InteractiveNotificationsSwift;
			sourceTree = "<group>";
		};
		F4DD4CC119C140E5006F915D /* Supporting Files */ = {
			isa = PBXGroup;
			children = (
				F4DD4CC219C140E5006F915D /* Info.plist */,
			);
			name = "Supporting Files";
			sourceTree = "<group>";
		};
		F4DD4CD519C140E5006F915D /* InteractiveNotificationsSwiftTests */ = {
			isa = PBXGroup;
			children = (
				F4DD4CD819C140E5006F915D /* InteractiveNotificationsSwiftTests.swift */,
				F4DD4CD619C140E5006F915D /* Supporting Files */,
			);
			path = InteractiveNotificationsSwiftTests;
			sourceTree = "<group>";
		};
		F4DD4CD619C140E5006F915D /* Supporting Files */ = {
			isa = PBXGroup;
			children = (
				F4DD4CD719C140E5006F915D /* Info.plist */,
			);
			name = "Supporting Files";
			sourceTree = "<group>";
		};
/* End PBXGroup section */

/* Begin PBXNativeTarget section */
		F4DD4CBD19C140E5006F915D /* InteractiveNotificationsSwift */ = {
			isa = PBXNativeTarget;
			buildConfigurationList = F4DD4CDC19C140E5006F915D /* Build configuration list for PBXNativeTarget "InteractiveNotificationsSwift" */;
			buildPhases = (
				F4DD4CBA19C140E5006F915D /* Sources */,
				F4DD4CBB19C140E5006F915D /* Frameworks */,
				F4DD4CBC19C140E5006F915D /* Resources */,
			);
			buildRules = (
			);
			dependencies = (
			);
			name = InteractiveNotificationsSwift;
			productName = InteractiveNotificationsSwift;
			productReference = F4DD4CBE19C140E5006F915D /* InteractiveNotificationsSwift.app */;
			productType = "com.apple.product-type.application";
		};
		F4DD4CD119C140E5006F915D /* InteractiveNotificationsSwiftTests */ = {
			isa = PBXNativeTarget;
			buildConfigurationList = F4DD4CDF19C140E5006F915D /* Build configuration list for PBXNativeTarget "InteractiveNotificationsSwiftTests" */;
			buildPhases = (
				F4DD4CCE19C140E5006F915D /* Sources */,
				F4DD4CCF19C140E5006F915D /* Frameworks */,
				F4DD4CD019C140E5006F915D /* Resources */,
			);
			buildRules = (
			);
			dependencies = (
				F4DD4CD419C140E5006F915D /* PBXTargetDependency */,
			);
			name = InteractiveNotificationsSwiftTests;
			productName = InteractiveNotificationsSwiftTests;
			productReference = F4DD4CD219C140E5006F915D /* InteractiveNotificationsSwiftTests.xctest */;
			productType = "com.apple.product-type.bundle.unit-test";
		};
/* End PBXNativeTarget section */

/* Begin PBXProject section */
		F4DD4CB619C140E5006F915D /* Project object */ = {
			isa = PBXProject;
			attributes = {
				LastUpgradeCheck = 0600;
				ORGANIZATIONNAME = "Voyager Innovations Inc.";
				TargetAttributes = {
					F4DD4CBD19C140E5006F915D = {
						CreatedOnToolsVersion = 6.0;
					};
					F4DD4CD119C140E5006F915D = {
						CreatedOnToolsVersion = 6.0;
						TestTargetID = F4DD4CBD19C140E5006F915D;
					};
				};
			};
			buildConfigurationList = F4DD4CB919C140E5006F915D /* Build configuration list for PBXProject "InteractiveNotificationsSwift" */;
			compatibilityVersion = "Xcode 3.2";
			developmentRegion = English;
			hasScannedForEncodings = 0;
			knownRegions = (
				en,
				Base,
			);
			mainGroup = F4DD4CB519C140E5006F915D;
			productRefGroup = F4DD4CBF19C140E5006F915D /* Products */;
			projectDirPath = "";
			projectRoot = "";
			targets = (
				F4DD4CBD19C140E5006F915D /* InteractiveNotificationsSwift */,
				F4DD4CD119C140E5006F915D /* InteractiveNotificationsSwiftTests */,
			);
		};
/* End PBXProject section */

/* Begin PBXResourcesBuildPhase section */
		F4DD4CBC19C140E5006F915D /* Resources */ = {
			isa = PBXResourcesBuildPhase;
			buildActionMask = 2147483647;
			files = (
				F4DD4CCD19C140E5006F915D /* Images.xcassets in Resources */,
			);
			runOnlyForDeploymentPostprocessing = 0;
		};
		F4DD4CD019C140E5006F915D /* Resources */ = {
			isa = PBXResourcesBuildPhase;
			buildActionMask = 2147483647;
			files = (
			);
			runOnlyForDeploymentPostprocessing = 0;
		};
/* End PBXResourcesBuildPhase section */

/* Begin PBXSourcesBuildPhase section */
		F4DD4CBA19C140E5006F915D /* Sources */ = {
			isa = PBXSourcesBuildPhase;
			buildActionMask = 2147483647;
			files = (
				F4DD4CC419C140E5006F915D /* AppDelegate.swift in Sources */,
				F450BDB019C2B24D002C97AB /* MainViewController.swift in Sources */,
			);
			runOnlyForDeploymentPostprocessing = 0;
		};
		F4DD4CCE19C140E5006F915D /* Sources */ = {
			isa = PBXSourcesBuildPhase;
			buildActionMask = 2147483647;
			files = (
				F4DD4CD919C140E5006F915D /* InteractiveNotificationsSwiftTests.swift in Sources */,
			);
			runOnlyForDeploymentPostprocessing = 0;
		};
/* End PBXSourcesBuildPhase section */

/* Begin PBXTargetDependency section */
		F4DD4CD419C140E5006F915D /* PBXTargetDependency */ = {
			isa = PBXTargetDependency;
			target = F4DD4CBD19C140E5006F915D /* InteractiveNotificationsSwift */;
			targetProxy = F4DD4CD319C140E5006F915D /* PBXContainerItemProxy */;
		};
/* End PBXTargetDependency section */

/* Begin XCBuildConfiguration section */
		F4DD4CDA19C140E5006F915D /* Debug */ = {
			isa = XCBuildConfiguration;
			buildSettings = {
				ALWAYS_SEARCH_USER_PATHS = NO;
				CLANG_CXX_LANGUAGE_STANDARD = "gnu++0x";
				CLANG_CXX_LIBRARY = "libc++";
				CLANG_ENABLE_MODULES = YES;
				CLANG_ENABLE_OBJC_ARC = YES;
				CLANG_WARN_BOOL_CONVERSION = YES;
				CLANG_WARN_CONSTANT_CONVERSION = YES;
				CLANG_WARN_DIRECT_OBJC_ISA_USAGE = YES_ERROR;
				CLANG_WARN_EMPTY_BODY = YES;
				CLANG_WARN_ENUM_CONVERSION = YES;
				CLANG_WARN_INT_CONVERSION = YES;
				CLANG_WARN_OBJC_ROOT_CLASS = YES_ERROR;
				CLANG_WARN_UNREACHABLE_CODE = YES;
				CLANG_WARN__DUPLICATE_METHOD_MATCH = YES;
				"CODE_SIGN_IDENTITY[sdk=iphoneos*]" = "iPhone Developer";
				COPY_PHASE_STRIP = NO;
				ENABLE_STRICT_OBJC_MSGSEND = YES;
				GCC_C_LANGUAGE_STANDARD = gnu99;
				GCC_DYNAMIC_NO_PIC = NO;
				GCC_OPTIMIZATION_LEVEL = 0;
				GCC_PREPROCESSOR_DEFINITIONS = (
					"DEBUG=1",
					"$(inherited)",
				);
				GCC_SYMBOLS_PRIVATE_EXTERN = NO;
				GCC_WARN_64_TO_32_BIT_CONVERSION = YES;
				GCC_WARN_ABOUT_RETURN_TYPE = YES_ERROR;
				GCC_WARN_UNDECLARED_SELECTOR = YES;
				GCC_WARN_UNINITIALIZED_AUTOS = YES_AGGRESSIVE;
				GCC_WARN_UNUSED_FUNCTION = YES;
				GCC_WARN_UNUSED_VARIABLE = YES;
				IPHONEOS_DEPLOYMENT_TARGET = 8.0;
				METAL_ENABLE_DEBUG_INFO = YES;
				ONLY_ACTIVE_ARCH = YES;
				SDKROOT = iphoneos;
				SWIFT_OPTIMIZATION_LEVEL = "-Onone";
			};
			name = Debug;
		};
		F4DD4CDB19C140E5006F915D /* Release */ = {
			isa = XCBuildConfiguration;
			buildSettings = {
				ALWAYS_SEARCH_USER_PATHS = NO;
				CLANG_CXX_LANGUAGE_STANDARD = "gnu++0x";
				CLANG_CXX_LIBRARY = "libc++";
				CLANG_ENABLE_MODULES = YES;
				CLANG_ENABLE_OBJC_ARC = YES;
				CLANG_WARN_BOOL_CONVERSION = YES;
				CLANG_WARN_CONSTANT_CONVERSION = YES;
				CLANG_WARN_DIRECT_OBJC_ISA_USAGE = YES_ERROR;
				CLANG_WARN_EMPTY_BODY = YES;
				CLANG_WARN_ENUM_CONVERSION = YES;
				CLANG_WARN_INT_CONVERSION = YES;
				CLANG_WARN_OBJC_ROOT_CLASS = YES_ERROR;
				CLANG_WARN_UNREACHABLE_CODE = YES;
				CLANG_WARN__DUPLICATE_METHOD_MATCH = YES;
				"CODE_SIGN_IDENTITY[sdk=iphoneos*]" = "iPhone Developer";
				COPY_PHASE_STRIP = YES;
				ENABLE_NS_ASSERTIONS = NO;
				ENABLE_STRICT_OBJC_MSGSEND = YES;
				GCC_C_LANGUAGE_STANDARD = gnu99;
				GCC_WARN_64_TO_32_BIT_CONVERSION = YES;
				GCC_WARN_ABOUT_RETURN_TYPE = YES_ERROR;
				GCC_WARN_UNDECLARED_SELECTOR = YES;
				GCC_WARN_UNINITIALIZED_AUTOS = YES_AGGRESSIVE;
				GCC_WARN_UNUSED_FUNCTION = YES;
				GCC_WARN_UNUSED_VARIABLE = YES;
				IPHONEOS_DEPLOYMENT_TARGET = 8.0;
				METAL_ENABLE_DEBUG_INFO = NO;
				SDKROOT = iphoneos;
				VALIDATE_PRODUCT = YES;
			};
			name = Release;
		};
		F4DD4CDD19C140E5006F915D /* Debug */ = {
			isa = XCBuildConfiguration;
			buildSettings = {
				ASSETCATALOG_COMPILER_APPICON_NAME = AppIcon;
				ASSETCATALOG_COMPILER_LAUNCHIMAGE_NAME = LaunchImage;
				INFOPLIST_FILE = InteractiveNotificationsSwift/Info.plist;
				LD_RUNPATH_SEARCH_PATHS = "$(inherited) @executable_path/Frameworks";
				PRODUCT_NAME = "$(TARGET_NAME)";
			};
			name = Debug;
		};
		F4DD4CDE19C140E5006F915D /* Release */ = {
			isa = XCBuildConfiguration;
			buildSettings = {
				ASSETCATALOG_COMPILER_APPICON_NAME = AppIcon;
				ASSETCATALOG_COMPILER_LAUNCHIMAGE_NAME = LaunchImage;
				INFOPLIST_FILE = InteractiveNotificationsSwift/Info.plist;
				LD_RUNPATH_SEARCH_PATHS = "$(inherited) @executable_path/Frameworks";
				PRODUCT_NAME = "$(TARGET_NAME)";
			};
			name = Release;
		};
		F4DD4CE019C140E5006F915D /* Debug */ = {
			isa = XCBuildConfiguration;
			buildSettings = {
				BUNDLE_LOADER = "$(BUILT_PRODUCTS_DIR)/InteractiveNotificationsSwift.app/InteractiveNotificationsSwift";
				FRAMEWORK_SEARCH_PATHS = (
					"$(SDKROOT)/Developer/Library/Frameworks",
					"$(inherited)",
				);
				GCC_PREPROCESSOR_DEFINITIONS = (
					"DEBUG=1",
					"$(inherited)",
				);
				INFOPLIST_FILE = InteractiveNotificationsSwiftTests/Info.plist;
				LD_RUNPATH_SEARCH_PATHS = "$(inherited) @executable_path/Frameworks @loader_path/Frameworks";
				METAL_ENABLE_DEBUG_INFO = YES;
				PRODUCT_NAME = "$(TARGET_NAME)";
				TEST_HOST = "$(BUNDLE_LOADER)";
			};
			name = Debug;
		};
		F4DD4CE119C140E5006F915D /* Release */ = {
			isa = XCBuildConfiguration;
			buildSettings = {
				BUNDLE_LOADER = "$(BUILT_PRODUCTS_DIR)/InteractiveNotificationsSwift.app/InteractiveNotificationsSwift";
				FRAMEWORK_SEARCH_PATHS = (
					"$(SDKROOT)/Developer/Library/Frameworks",
					"$(inherited)",
				);
				INFOPLIST_FILE = InteractiveNotificationsSwiftTests/Info.plist;
				LD_RUNPATH_SEARCH_PATHS = "$(inherited) @executable_path/Frameworks @loader_path/Frameworks";
				METAL_ENABLE_DEBUG_INFO = NO;
				PRODUCT_NAME = "$(TARGET_NAME)";
				TEST_HOST = "$(BUNDLE_LOADER)";
			};
			name = Release;
		};
/* End XCBuildConfiguration section */

/* Begin XCConfigurationList section */
		F4DD4CB919C140E5006F915D /* Build configuration list for PBXProject "InteractiveNotificationsSwift" */ = {
			isa = XCConfigurationList;
			buildConfigurations = (
				F4DD4CDA19C140E5006F915D /* Debug */,
				F4DD4CDB19C140E5006F915D /* Release */,
			);
			defaultConfigurationIsVisible = 0;
			defaultConfigurationName = Release;
		};
		F4DD4CDC19C140E5006F915D /* Build configuration list for PBXNativeTarget "InteractiveNotificationsSwift" */ = {
			isa = XCConfigurationList;
			buildConfigurations = (
				F4DD4CDD19C140E5006F915D /* Debug */,
				F4DD4CDE19C140E5006F915D /* Release */,
			);
			defaultConfigurationIsVisible = 0;
			defaultConfigurationName = Release;
		};
		F4DD4CDF19C140E5006F915D /* Build configuration list for PBXNativeTarget "InteractiveNotificationsSwiftTests" */ = {
			isa = XCConfigurationList;
			buildConfigurations = (
				F4DD4CE019C140E5006F915D /* Debug */,
				F4DD4CE119C140E5006F915D /* Release */,
			);
			defaultConfigurationIsVisible = 0;
			defaultConfigurationName = Release;
		};
/* End XCConfigurationList section */
	};
	rootObject = F4DD4CB619C140E5006F915D /* Project object */;
}
